
Microsoft Visual Studio Solution File, Format Version 12.00
# Visual Studio Version 16
VisualStudioVersion = 16.0.31515.178
MinimumVisualStudioVersion = 10.0.40219.1
Project("{FAE04EC0-301F-11D3-BF4B-00C04F79EFBC}") = "dndDatabaseAPI", "dndDatabaseAPI\dndDatabaseAPI.csproj", "{156800CF-5B88-401F-9BEC-8CA5BB51A75E}"
EndProject
Global
	GlobalSection(SolutionConfigurationPlatforms) = preSolution
		Debug|Any CPU = Debug|Any CPU
		Release|Any CPU = Release|Any CPU
	EndGlobalSection
	GlobalSection(ProjectConfigurationPlatforms) = postSolution
		{156800CF-5B88-401F-9BEC-8CA5BB51A75E}.Debug|Any CPU.ActiveCfg = Debug|Any CPU
		{156800CF-5B88-401F-9BEC-8CA5BB51A75E}.Debug|Any CPU.Build.0 = Debug|Any CPU
		{156800CF-5B88-401F-9BEC-8CA5BB51A75E}.Release|Any CPU.ActiveCfg = Release|Any CPU
		{156800CF-5B88-401F-9BEC-8CA5BB51A75E}.Release|Any CPU.Build.0 = Release|Any CPU
	EndGlobalSection
	GlobalSection(SolutionProperties) = preSolution
		HideSolutionNode = FALSE
	EndGlobalSection
	GlobalSection(ExtensibilityGlobals) = postSolution
		SolutionGuid = {3350AC96-A68B-46F8-A24B-B28DBC2B3D64}
	EndGlobalSection
EndGlobal
